
Microsoft Visual Studio Solution File, Format Version 12.00
# Visual Studio 15
VisualStudioVersion = 15.0.28010.2003
MinimumVisualStudioVersion = 10.0.40219.1
Project("{FAE04EC0-301F-11D3-BF4B-00C04F79EFBC}") = "Birthday", "Birthday\Birthday.csproj", "{599BF14B-5C17-496F-BC30-D25F7FBF1B8E}"
EndProject
Global
	GlobalSection(SolutionConfigurationPlatforms) = preSolution
		Debug|Any CPU = Debug|Any CPU
		Release|Any CPU = Release|Any CPU
	EndGlobalSection
	GlobalSection(ProjectConfigurationPlatforms) = postSolution
		{599BF14B-5C17-496F-BC30-D25F7FBF1B8E}.Debug|Any CPU.ActiveCfg = Debug|Any CPU
		{599BF14B-5C17-496F-BC30-D25F7FBF1B8E}.Debug|Any CPU.Build.0 = Debug|Any CPU
		{599BF14B-5C17-496F-BC30-D25F7FBF1B8E}.Release|Any CPU.ActiveCfg = Release|Any CPU
		{599BF14B-5C17-496F-BC30-D25F7FBF1B8E}.Release|Any CPU.Build.0 = Release|Any CPU
	EndGlobalSection
	GlobalSection(SolutionProperties) = preSolution
		HideSolutionNode = FALSE
	EndGlobalSection
	GlobalSection(ExtensibilityGlobals) = postSolution
		SolutionGuid = {6465C744-AC17-49AE-8555-1267FAFFD7AC}
	EndGlobalSection
EndGlobal
